// !$*UTF8*$!
{
	archiveVersion = 1;
	classes = {
	};
	objectVersion = 46;
	objects = {

/* Begin PBXBuildFile section */
		9819551E1ED13AF3003C7BA3 /* TableViewController.swift in Sources */ = {isa = PBXBuildFile; fileRef = 9819551C1ED0AFB2003C7BA3 /* TableViewController.swift */; };
		98203FA11ECFF24B00CCE031 /* AppDelegate.swift in Sources */ = {isa = PBXBuildFile; fileRef = 98203FA01ECFF24B00CCE031 /* AppDelegate.swift */; };
		98203FA61ECFF24B00CCE031 /* Main.storyboard in Resources */ = {isa = PBXBuildFile; fileRef = 98203FA41ECFF24B00CCE031 /* Main.storyboard */; };
		98203FA81ECFF24B00CCE031 /* Assets.xcassets in Resources */ = {isa = PBXBuildFile; fileRef = 98203FA71ECFF24B00CCE031 /* Assets.xcassets */; };
		98203FAB1ECFF24B00CCE031 /* LaunchScreen.storyboard in Resources */ = {isa = PBXBuildFile; fileRef = 98203FA91ECFF24B00CCE031 /* LaunchScreen.storyboard */; };
		98203FB61ECFF24B00CCE031 /* MVVM_SwiftTests.swift in Sources */ = {isa = PBXBuildFile; fileRef = 98203FB51ECFF24B00CCE031 /* MVVM_SwiftTests.swift */; };
		98203FC11ECFF24C00CCE031 /* MVVM_SwiftUITests.swift in Sources */ = {isa = PBXBuildFile; fileRef = 98203FC01ECFF24C00CCE031 /* MVVM_SwiftUITests.swift */; };
		98203FD01ECFF34F00CCE031 /* Car.swift in Sources */ = {isa = PBXBuildFile; fileRef = 98203FCF1ECFF34F00CCE031 /* Car.swift */; };
		98203FD31ECFF39800CCE031 /* CarViewModel.swift in Sources */ = {isa = PBXBuildFile; fileRef = 98203FD21ECFF39800CCE031 /* CarViewModel.swift */; };
/* End PBXBuildFile section */

/* Begin PBXContainerItemProxy section */
		98203FB21ECFF24B00CCE031 /* PBXContainerItemProxy */ = {
			isa = PBXContainerItemProxy;
			containerPortal = 98203F951ECFF24B00CCE031 /* Project object */;
			proxyType = 1;
			remoteGlobalIDString = 98203F9C1ECFF24B00CCE031;
			remoteInfo = "MVVM-Swift";
		};
		98203FBD1ECFF24C00CCE031 /* PBXContainerItemProxy */ = {
			isa = PBXContainerItemProxy;
			containerPortal = 98203F951ECFF24B00CCE031 /* Project object */;
			proxyType = 1;
			remoteGlobalIDString = 98203F9C1ECFF24B00CCE031;
			remoteInfo = "MVVM-Swift";
		};
/* End PBXContainerItemProxy section */

/* Begin PBXFileReference section */
		9819551C1ED0AFB2003C7BA3 /* TableViewController.swift */ = {isa = PBXFileReference; fileEncoding = 4; lastKnownFileType = sourcecode.swift; name = TableViewController.swift; path = "MVVM-SwiftTests/TableViewController.swift"; sourceTree = SOURCE_ROOT; };
		98203F9D1ECFF24B00CCE031 /* MVVM-Swift.app */ = {isa = PBXFileReference; explicitFileType = wrapper.application; includeInIndex = 0; path = "MVVM-Swift.app"; sourceTree = BUILT_PRODUCTS_DIR; };
		98203FA01ECFF24B00CCE031 /* AppDelegate.swift */ = {isa = PBXFileReference; lastKnownFileType = sourcecode.swift; path = AppDelegate.swift; sourceTree = "<group>"; };
		98203FA51ECFF24B00CCE031 /* Base */ = {isa = PBXFileReference; lastKnownFileType = file.storyboard; name = Base; path = Base.lproj/Main.storyboard; sourceTree = "<group>"; };
		98203FA71ECFF24B00CCE031 /* Assets.xcassets */ = {isa = PBXFileReference; lastKnownFileType = folder.assetcatalog; path = Assets.xcassets; sourceTree = "<group>"; };
		98203FAA1ECFF24B00CCE031 /* Base */ = {isa = PBXFileReference; lastKnownFileType = file.storyboard; name = Base; path = Base.lproj/LaunchScreen.storyboard; sourceTree = "<group>"; };
		98203FAC1ECFF24B00CCE031 /* Info.plist */ = {isa = PBXFileReference; lastKnownFileType = text.plist.xml; path = Info.plist; sourceTree = "<group>"; };
		98203FB11ECFF24B00CCE031 /* MVVM-SwiftTests.xctest */ = {isa = PBXFileReference; explicitFileType = wrapper.cfbundle; includeInIndex = 0; path = "MVVM-SwiftTests.xctest"; sourceTree = BUILT_PRODUCTS_DIR; };
		98203FB51ECFF24B00CCE031 /* MVVM_SwiftTests.swift */ = {isa = PBXFileReference; lastKnownFileType = sourcecode.swift; path = MVVM_SwiftTests.swift; sourceTree = "<group>"; };
		98203FB71ECFF24B00CCE031 /* Info.plist */ = {isa = PBXFileReference; lastKnownFileType = text.plist.xml; path = Info.plist; sourceTree = "<group>"; };
		98203FBC1ECFF24C00CCE031 /* MVVM-SwiftUITests.xctest */ = {isa = PBXFileReference; explicitFileType = wrapper.cfbundle; includeInIndex = 0; path = "MVVM-SwiftUITests.xctest"; sourceTree = BUILT_PRODUCTS_DIR; };
		98203FC01ECFF24C00CCE031 /* MVVM_SwiftUITests.swift */ = {isa = PBXFileReference; lastKnownFileType = sourcecode.swift; path = MVVM_SwiftUITests.swift; sourceTree = "<group>"; };
		98203FC21ECFF24C00CCE031 /* Info.plist */ = {isa = PBXFileReference; lastKnownFileType = text.plist.xml; path = Info.plist; sourceTree = "<group>"; };
		98203FCF1ECFF34F00CCE031 /* Car.swift */ = {isa = PBXFileReference; fileEncoding = 4; lastKnownFileType = sourcecode.swift; path = Car.swift; sourceTree = "<group>"; };
		98203FD21ECFF39800CCE031 /* CarViewModel.swift */ = {isa = PBXFileReference; fileEncoding = 4; lastKnownFileType = sourcecode.swift; path = CarViewModel.swift; sourceTree = "<group>"; };
/* End PBXFileReference section */

/* Begin PBXFrameworksBuildPhase section */
		98203F9A1ECFF24B00CCE031 /* Frameworks */ = {
			isa = PBXFrameworksBuildPhase;
			buildActionMask = 2147483647;
			files = (
			);
			runOnlyForDeploymentPostprocessing = 0;
		};
		98203FAE1ECFF24B00CCE031 /* Frameworks */ = {
			isa = PBXFrameworksBuildPhase;
			buildActionMask = 2147483647;
			files = (
			);
			runOnlyForDeploymentPostprocessing = 0;
		};
		98203FB91ECFF24C00CCE031 /* Frameworks */ = {
			isa = PBXFrameworksBuildPhase;
			buildActionMask = 2147483647;
			files = (
			);
			runOnlyForDeploymentPostprocessing = 0;
		};
/* End PBXFrameworksBuildPhase section */

/* Begin PBXGroup section */
		98203F941ECFF24B00CCE031 = {
			isa = PBXGroup;
			children = (
				98203F9F1ECFF24B00CCE031 /* MVVM-Swift */,
				98203FB41ECFF24B00CCE031 /* MVVM-SwiftTests */,
				98203FBF1ECFF24C00CCE031 /* MVVM-SwiftUITests */,
				98203F9E1ECFF24B00CCE031 /* Products */,
			);
			sourceTree = "<group>";
		};
		98203F9E1ECFF24B00CCE031 /* Products */ = {
			isa = PBXGroup;
			children = (
				98203F9D1ECFF24B00CCE031 /* MVVM-Swift.app */,
				98203FB11ECFF24B00CCE031 /* MVVM-SwiftTests.xctest */,
				98203FBC1ECFF24C00CCE031 /* MVVM-SwiftUITests.xctest */,
			);
			name = Products;
			sourceTree = "<group>";
		};
		98203F9F1ECFF24B00CCE031 /* MVVM-Swift */ = {
			isa = PBXGroup;
			children = (
				98203FD11ECFF36B00CCE031 /* ViewModel */,
				98203FCE1ECFF33600CCE031 /* Model */,
				98203FA41ECFF24B00CCE031 /* Main.storyboard */,
				98203FA71ECFF24B00CCE031 /* Assets.xcassets */,
				98203FA91ECFF24B00CCE031 /* LaunchScreen.storyboard */,
				98203FAC1ECFF24B00CCE031 /* Info.plist */,
			);
			path = "MVVM-Swift";
			sourceTree = "<group>";
		};
		98203FB41ECFF24B00CCE031 /* MVVM-SwiftTests */ = {
			isa = PBXGroup;
			children = (
				98203FB51ECFF24B00CCE031 /* MVVM_SwiftTests.swift */,
				98203FB71ECFF24B00CCE031 /* Info.plist */,
			);
			path = "MVVM-SwiftTests";
			sourceTree = "<group>";
		};
		98203FBF1ECFF24C00CCE031 /* MVVM-SwiftUITests */ = {
			isa = PBXGroup;
			children = (
				98203FC01ECFF24C00CCE031 /* MVVM_SwiftUITests.swift */,
				98203FC21ECFF24C00CCE031 /* Info.plist */,
			);
			path = "MVVM-SwiftUITests";
			sourceTree = "<group>";
		};
		98203FCE1ECFF33600CCE031 /* Model */ = {
			isa = PBXGroup;
			children = (
				98203FCF1ECFF34F00CCE031 /* Car.swift */,
			);
			name = Model;
			sourceTree = "<group>";
		};
		98203FD11ECFF36B00CCE031 /* ViewModel */ = {
			isa = PBXGroup;
			children = (
				98203FA01ECFF24B00CCE031 /* AppDelegate.swift */,
				98203FD21ECFF39800CCE031 /* CarViewModel.swift */,
				9819551C1ED0AFB2003C7BA3 /* TableViewController.swift */,
			);
			name = ViewModel;
			sourceTree = "<group>";
		};
/* End PBXGroup section */

/* Begin PBXNativeTarget section */
		98203F9C1ECFF24B00CCE031 /* MVVM-Swift */ = {
			isa = PBXNativeTarget;
			buildConfigurationList = 98203FC51ECFF24C00CCE031 /* Build configuration list for PBXNativeTarget "MVVM-Swift" */;
			buildPhases = (
				98203F991ECFF24B00CCE031 /* Sources */,
				98203F9A1ECFF24B00CCE031 /* Frameworks */,
				98203F9B1ECFF24B00CCE031 /* Resources */,
			);
			buildRules = (
			);
			dependencies = (
			);
			name = "MVVM-Swift";
			productName = "MVVM-Swift";
			productReference = 98203F9D1ECFF24B00CCE031 /* MVVM-Swift.app */;
			productType = "com.apple.product-type.application";
		};
		98203FB01ECFF24B00CCE031 /* MVVM-SwiftTests */ = {
			isa = PBXNativeTarget;
			buildConfigurationList = 98203FC81ECFF24C00CCE031 /* Build configuration list for PBXNativeTarget "MVVM-SwiftTests" */;
			buildPhases = (
				98203FAD1ECFF24B00CCE031 /* Sources */,
				98203FAE1ECFF24B00CCE031 /* Frameworks */,
				98203FAF1ECFF24B00CCE031 /* Resources */,
			);
			buildRules = (
			);
			dependencies = (
				98203FB31ECFF24B00CCE031 /* PBXTargetDependency */,
			);
			name = "MVVM-SwiftTests";
			productName = "MVVM-SwiftTests";
			productReference = 98203FB11ECFF24B00CCE031 /* MVVM-SwiftTests.xctest */;
			productType = "com.apple.product-type.bundle.unit-test";
		};
		98203FBB1ECFF24C00CCE031 /* MVVM-SwiftUITests */ = {
			isa = PBXNativeTarget;
			buildConfigurationList = 98203FCB1ECFF24C00CCE031 /* Build configuration list for PBXNativeTarget "MVVM-SwiftUITests" */;
			buildPhases = (
				98203FB81ECFF24C00CCE031 /* Sources */,
				98203FB91ECFF24C00CCE031 /* Frameworks */,
				98203FBA1ECFF24C00CCE031 /* Resources */,
			);
			buildRules = (
			);
			dependencies = (
				98203FBE1ECFF24C00CCE031 /* PBXTargetDependency */,
			);
			name = "MVVM-SwiftUITests";
			productName = "MVVM-SwiftUITests";
			productReference = 98203FBC1ECFF24C00CCE031 /* MVVM-SwiftUITests.xctest */;
			productType = "com.apple.product-type.bundle.ui-testing";
		};
/* End PBXNativeTarget section */

/* Begin PBXProject section */
		98203F951ECFF24B00CCE031 /* Project object */ = {
			isa = PBXProject;
			attributes = {
				LastSwiftUpdateCheck = 0830;
				LastUpgradeCheck = 0830;
				ORGANIZATIONNAME = "Jack Ngai";
				TargetAttributes = {
					98203F9C1ECFF24B00CCE031 = {
						CreatedOnToolsVersion = 8.3.2;
						DevelopmentTeam = 56SGSJ5YCY;
						ProvisioningStyle = Automatic;
					};
					98203FB01ECFF24B00CCE031 = {
						CreatedOnToolsVersion = 8.3.2;
						DevelopmentTeam = 56SGSJ5YCY;
						ProvisioningStyle = Automatic;
						TestTargetID = 98203F9C1ECFF24B00CCE031;
					};
					98203FBB1ECFF24C00CCE031 = {
						CreatedOnToolsVersion = 8.3.2;
						DevelopmentTeam = 56SGSJ5YCY;
						ProvisioningStyle = Automatic;
						TestTargetID = 98203F9C1ECFF24B00CCE031;
					};
				};
			};
			buildConfigurationList = 98203F981ECFF24B00CCE031 /* Build configuration list for PBXProject "MVVM-Swift" */;
			compatibilityVersion = "Xcode 3.2";
			developmentRegion = English;
			hasScannedForEncodings = 0;
			knownRegions = (
				en,
				Base,
			);
			mainGroup = 98203F941ECFF24B00CCE031;
			productRefGroup = 98203F9E1ECFF24B00CCE031 /* Products */;
			projectDirPath = "";
			projectRoot = "";
			targets = (
				98203F9C1ECFF24B00CCE031 /* MVVM-Swift */,
				98203FB01ECFF24B00CCE031 /* MVVM-SwiftTests */,
				98203FBB1ECFF24C00CCE031 /* MVVM-SwiftUITests */,
			);
		};
/* End PBXProject section */

/* Begin PBXResourcesBuildPhase section */
		98203F9B1ECFF24B00CCE031 /* Resources */ = {
			isa = PBXResourcesBuildPhase;
			buildActionMask = 2147483647;
			files = (
				98203FAB1ECFF24B00CCE031 /* LaunchScreen.storyboard in Resources */,
				98203FA81ECFF24B00CCE031 /* Assets.xcassets in Resources */,
				98203FA61ECFF24B00CCE031 /* Main.storyboard in Resources */,
			);
			runOnlyForDeploymentPostprocessing = 0;
		};
		98203FAF1ECFF24B00CCE031 /* Resources */ = {
			isa = PBXResourcesBuildPhase;
			buildActionMask = 2147483647;
			files = (
			);
			runOnlyForDeploymentPostprocessing = 0;
		};
		98203FBA1ECFF24C00CCE031 /* Resources */ = {
			isa = PBXResourcesBuildPhase;
			buildActionMask = 2147483647;
			files = (
			);
			runOnlyForDeploymentPostprocessing = 0;
		};
/* End PBXResourcesBuildPhase section */

/* Begin PBXSourcesBuildPhase section */
		98203F991ECFF24B00CCE031 /* Sources */ = {
			isa = PBXSourcesBuildPhase;
			buildActionMask = 2147483647;
			files = (
				98203FA11ECFF24B00CCE031 /* AppDelegate.swift in Sources */,
				98203FD01ECFF34F00CCE031 /* Car.swift in Sources */,
				98203FD31ECFF39800CCE031 /* CarViewModel.swift in Sources */,
				9819551E1ED13AF3003C7BA3 /* TableViewController.swift in Sources */,
			);
			runOnlyForDeploymentPostprocessing = 0;
		};
		98203FAD1ECFF24B00CCE031 /* Sources */ = {
			isa = PBXSourcesBuildPhase;
			buildActionMask = 2147483647;
			files = (
				98203FB61ECFF24B00CCE031 /* MVVM_SwiftTests.swift in Sources */,
			);
			runOnlyForDeploymentPostprocessing = 0;
		};
		98203FB81ECFF24C00CCE031 /* Sources */ = {
			isa = PBXSourcesBuildPhase;
			buildActionMask = 2147483647;
			files = (
				98203FC11ECFF24C00CCE031 /* MVVM_SwiftUITests.swift in Sources */,
			);
			runOnlyForDeploymentPostprocessing = 0;
		};
/* End PBXSourcesBuildPhase section */

/* Begin PBXTargetDependency section */
		98203FB31ECFF24B00CCE031 /* PBXTargetDependency */ = {
			isa = PBXTargetDependency;
			target = 98203F9C1ECFF24B00CCE031 /* MVVM-Swift */;
			targetProxy = 98203FB21ECFF24B00CCE031 /* PBXContainerItemProxy */;
		};
		98203FBE1ECFF24C00CCE031 /* PBXTargetDependency */ = {
			isa = PBXTargetDependency;
			target = 98203F9C1ECFF24B00CCE031 /* MVVM-Swift */;
			targetProxy = 98203FBD1ECFF24C00CCE031 /* PBXContainerItemProxy */;
		};
/* End PBXTargetDependency section */

/* Begin PBXVariantGroup section */
		98203FA41ECFF24B00CCE031 /* Main.storyboard */ = {
			isa = PBXVariantGroup;
			children = (
				98203FA51ECFF24B00CCE031 /* Base */,
			);
			name = Main.storyboard;
			sourceTree = "<group>";
		};
		98203FA91ECFF24B00CCE031 /* LaunchScreen.storyboard */ = {
			isa = PBXVariantGroup;
			children = (
				98203FAA1ECFF24B00CCE031 /* Base */,
			);
			name = LaunchScreen.storyboard;
			sourceTree = "<group>";
		};
/* End PBXVariantGroup section */

/* Begin XCBuildConfiguration section */
		98203FC31ECFF24C00CCE031 /* Debug */ = {
			isa = XCBuildConfiguration;
			buildSettings = {
				ALWAYS_SEARCH_USER_PATHS = NO;
				CLANG_ANALYZER_NONNULL = YES;
				CLANG_ANALYZER_NUMBER_OBJECT_CONVERSION = YES_AGGRESSIVE;
				CLANG_CXX_LANGUAGE_STANDARD = "gnu++0x";
				CLANG_CXX_LIBRARY = "libc++";
				CLANG_ENABLE_MODULES = YES;
				CLANG_ENABLE_OBJC_ARC = YES;
				CLANG_WARN_BOOL_CONVERSION = YES;
				CLANG_WARN_CONSTANT_CONVERSION = YES;
				CLANG_WARN_DIRECT_OBJC_ISA_USAGE = YES_ERROR;
				CLANG_WARN_DOCUMENTATION_COMMENTS = YES;
				CLANG_WARN_EMPTY_BODY = YES;
				CLANG_WARN_ENUM_CONVERSION = YES;
				CLANG_WARN_INFINITE_RECURSION = YES;
				CLANG_WARN_INT_CONVERSION = YES;
				CLANG_WARN_OBJC_ROOT_CLASS = YES_ERROR;
				CLANG_WARN_SUSPICIOUS_MOVE = YES;
				CLANG_WARN_UNREACHABLE_CODE = YES;
				CLANG_WARN__DUPLICATE_METHOD_MATCH = YES;
				"CODE_SIGN_IDENTITY[sdk=iphoneos*]" = "iPhone Developer";
				COPY_PHASE_STRIP = NO;
				DEBUG_INFORMATION_FORMAT = dwarf;
				ENABLE_STRICT_OBJC_MSGSEND = YES;
				ENABLE_TESTABILITY = YES;
				GCC_C_LANGUAGE_STANDARD = gnu99;
				GCC_DYNAMIC_NO_PIC = NO;
				GCC_NO_COMMON_BLOCKS = YES;
				GCC_OPTIMIZATION_LEVEL = 0;
				GCC_PREPROCESSOR_DEFINITIONS = (
					"DEBUG=1",
					"$(inherited)",
				);
				GCC_WARN_64_TO_32_BIT_CONVERSION = YES;
				GCC_WARN_ABOUT_RETURN_TYPE = YES_ERROR;
				GCC_WARN_UNDECLARED_SELECTOR = YES;
				GCC_WARN_UNINITIALIZED_AUTOS = YES_AGGRESSIVE;
				GCC_WARN_UNUSED_FUNCTION = YES;
				GCC_WARN_UNUSED_VARIABLE = YES;
				IPHONEOS_DEPLOYMENT_TARGET = 10.3;
				MTL_ENABLE_DEBUG_INFO = YES;
				ONLY_ACTIVE_ARCH = YES;
				SDKROOT = iphoneos;
				SWIFT_ACTIVE_COMPILATION_CONDITIONS = DEBUG;
				SWIFT_OPTIMIZATION_LEVEL = "-Onone";
				TARGETED_DEVICE_FAMILY = "1,2";
			};
			name = Debug;
		};
		98203FC41ECFF24C00CCE031 /* Release */ = {
			isa = XCBuildConfiguration;
			buildSettings = {
				ALWAYS_SEARCH_USER_PATHS = NO;
				CLANG_ANALYZER_NONNULL = YES;
				CLANG_ANALYZER_NUMBER_OBJECT_CONVERSION = YES_AGGRESSIVE;
				CLANG_CXX_LANGUAGE_STANDARD = "gnu++0x";
				CLANG_CXX_LIBRARY = "libc++";
				CLANG_ENABLE_MODULES = YES;
				CLANG_ENABLE_OBJC_ARC = YES;
				CLANG_WARN_BOOL_CONVERSION = YES;
				CLANG_WARN_CONSTANT_CONVERSION = YES;
				CLANG_WARN_DIRECT_OBJC_ISA_USAGE = YES_ERROR;
				CLANG_WARN_DOCUMENTATION_COMMENTS = YES;
				CLANG_WARN_EMPTY_BODY = YES;
				CLANG_WARN_ENUM_CONVERSION = YES;
				CLANG_WARN_INFINITE_RECURSION = YES;
				CLANG_WARN_INT_CONVERSION = YES;
				CLANG_WARN_OBJC_ROOT_CLASS = YES_ERROR;
				CLANG_WARN_SUSPICIOUS_MOVE = YES;
				CLANG_WARN_UNREACHABLE_CODE = YES;
				CLANG_WARN__DUPLICATE_METHOD_MATCH = YES;
				"CODE_SIGN_IDENTITY[sdk=iphoneos*]" = "iPhone Developer";
				COPY_PHASE_STRIP = NO;
				DEBUG_INFORMATION_FORMAT = "dwarf-with-dsym";
				ENABLE_NS_ASSERTIONS = NO;
				ENABLE_STRICT_OBJC_MSGSEND = YES;
				GCC_C_LANGUAGE_STANDARD = gnu99;
				GCC_NO_COMMON_BLOCKS = YES;
				GCC_WARN_64_TO_32_BIT_CONVERSION = YES;
				GCC_WARN_ABOUT_RETURN_TYPE = YES_ERROR;
				GCC_WARN_UNDECLARED_SELECTOR = YES;
				GCC_WARN_UNINITIALIZED_AUTOS = YES_AGGRESSIVE;
				GCC_WARN_UNUSED_FUNCTION = YES;
				GCC_WARN_UNUSED_VARIABLE = YES;
				IPHONEOS_DEPLOYMENT_TARGET = 10.3;
				MTL_ENABLE_DEBUG_INFO = NO;
				SDKROOT = iphoneos;
				SWIFT_OPTIMIZATION_LEVEL = "-Owholemodule";
				TARGETED_DEVICE_FAMILY = "1,2";
				VALIDATE_PRODUCT = YES;
			};
			name = Release;
		};
		98203FC61ECFF24C00CCE031 /* Debug */ = {
			isa = XCBuildConfiguration;
			buildSettings = {
				ASSETCATALOG_COMPILER_APPICON_NAME = AppIcon;
				DEVELOPMENT_TEAM = 56SGSJ5YCY;
				INFOPLIST_FILE = "MVVM-Swift/Info.plist";
				LD_RUNPATH_SEARCH_PATHS = "$(inherited) @executable_path/Frameworks";
				PRODUCT_BUNDLE_IDENTIFIER = "com.jackngai.MVVM-Swift";
				PRODUCT_NAME = "$(TARGET_NAME)";
				SWIFT_VERSION = 3.0;
			};
			name = Debug;
		};
		98203FC71ECFF24C00CCE031 /* Release */ = {
			isa = XCBuildConfiguration;
			buildSettings = {
				ASSETCATALOG_COMPILER_APPICON_NAME = AppIcon;
				DEVELOPMENT_TEAM = 56SGSJ5YCY;
				INFOPLIST_FILE = "MVVM-Swift/Info.plist";
				LD_RUNPATH_SEARCH_PATHS = "$(inherited) @executable_path/Frameworks";
				PRODUCT_BUNDLE_IDENTIFIER = "com.jackngai.MVVM-Swift";
				PRODUCT_NAME = "$(TARGET_NAME)";
				SWIFT_VERSION = 3.0;
			};
			name = Release;
		};
		98203FC91ECFF24C00CCE031 /* Debug */ = {
			isa = XCBuildConfiguration;
			buildSettings = {
				ALWAYS_EMBED_SWIFT_STANDARD_LIBRARIES = YES;
				BUNDLE_LOADER = "$(TEST_HOST)";
				DEVELOPMENT_TEAM = 56SGSJ5YCY;
				INFOPLIST_FILE = "MVVM-SwiftTests/Info.plist";
				LD_RUNPATH_SEARCH_PATHS = "$(inherited) @executable_path/Frameworks @loader_path/Frameworks";
				PRODUCT_BUNDLE_IDENTIFIER = "com.jackngai.MVVM-SwiftTests";
				PRODUCT_NAME = "$(TARGET_NAME)";
				SWIFT_VERSION = 3.0;
				TEST_HOST = "$(BUILT_PRODUCTS_DIR)/MVVM-Swift.app/MVVM-Swift";
			};
			name = Debug;
		};
		98203FCA1ECFF24C00CCE031 /* Release */ = {
			isa = XCBuildConfiguration;
			buildSettings = {
				ALWAYS_EMBED_SWIFT_STANDARD_LIBRARIES = YES;
				BUNDLE_LOADER = "$(TEST_HOST)";
				DEVELOPMENT_TEAM = 56SGSJ5YCY;
				INFOPLIST_FILE = "MVVM-SwiftTests/Info.plist";
				LD_RUNPATH_SEARCH_PATHS = "$(inherited) @executable_path/Frameworks @loader_path/Frameworks";
				PRODUCT_BUNDLE_IDENTIFIER = "com.jackngai.MVVM-SwiftTests";
				PRODUCT_NAME = "$(TARGET_NAME)";
				SWIFT_VERSION = 3.0;
				TEST_HOST = "$(BUILT_PRODUCTS_DIR)/MVVM-Swift.app/MVVM-Swift";
			};
			name = Release;
		};
		98203FCC1ECFF24C00CCE031 /* Debug */ = {
			isa = XCBuildConfiguration;
			buildSettings = {
				ALWAYS_EMBED_SWIFT_STANDARD_LIBRARIES = YES;
				DEVELOPMENT_TEAM = 56SGSJ5YCY;
				INFOPLIST_FILE = "MVVM-SwiftUITests/Info.plist";
				LD_RUNPATH_SEARCH_PATHS = "$(inherited) @executable_path/Frameworks @loader_path/Frameworks";
				PRODUCT_BUNDLE_IDENTIFIER = "com.jackngai.MVVM-SwiftUITests";
				PRODUCT_NAME = "$(TARGET_NAME)";
				SWIFT_VERSION = 3.0;
				TEST_TARGET_NAME = "MVVM-Swift";
			};
			name = Debug;
		};
		98203FCD1ECFF24C00CCE031 /* Release */ = {
			isa = XCBuildConfiguration;
			buildSettings = {
				ALWAYS_EMBED_SWIFT_STANDARD_LIBRARIES = YES;
				DEVELOPMENT_TEAM = 56SGSJ5YCY;
				INFOPLIST_FILE = "MVVM-SwiftUITests/Info.plist";
				LD_RUNPATH_SEARCH_PATHS = "$(inherited) @executable_path/Frameworks @loader_path/Frameworks";
				PRODUCT_BUNDLE_IDENTIFIER = "com.jackngai.MVVM-SwiftUITests";
				PRODUCT_NAME = "$(TARGET_NAME)";
				SWIFT_VERSION = 3.0;
				TEST_TARGET_NAME = "MVVM-Swift";
			};
			name = Release;
		};
/* End XCBuildConfiguration section */

/* Begin XCConfigurationList section */
		98203F981ECFF24B00CCE031 /* Build configuration list for PBXProject "MVVM-Swift" */ = {
			isa = XCConfigurationList;
			buildConfigurations = (
				98203FC31ECFF24C00CCE031 /* Debug */,
				98203FC41ECFF24C00CCE031 /* Release */,
			);
			defaultConfigurationIsVisible = 0;
			defaultConfigurationName = Release;
		};
		98203FC51ECFF24C00CCE031 /* Build configuration list for PBXNativeTarget "MVVM-Swift" */ = {
			isa = XCConfigurationList;
			buildConfigurations = (
				98203FC61ECFF24C00CCE031 /* Debug */,
				98203FC71ECFF24C00CCE031 /* Release */,
			);
			defaultConfigurationIsVisible = 0;
			defaultConfigurationName = Release;
		};
		98203FC81ECFF24C00CCE031 /* Build configuration list for PBXNativeTarget "MVVM-SwiftTests" */ = {
			isa = XCConfigurationList;
			buildConfigurations = (
				98203FC91ECFF24C00CCE031 /* Debug */,
				98203FCA1ECFF24C00CCE031 /* Release */,
			);
			defaultConfigurationIsVisible = 0;
			defaultConfigurationName = Release;
		};
		98203FCB1ECFF24C00CCE031 /* Build configuration list for PBXNativeTarget "MVVM-SwiftUITests" */ = {
			isa = XCConfigurationList;
			buildConfigurations = (
				98203FCC1ECFF24C00CCE031 /* Debug */,
				98203FCD1ECFF24C00CCE031 /* Release */,
			);
			defaultConfigurationIsVisible = 0;
			defaultConfigurationName = Release;
		};
/* End XCConfigurationList section */
	};
	rootObject = 98203F951ECFF24B00CCE031 /* Project object */;
}
